
Microsoft Visual Studio Solution File, Format Version 12.00
# Visual Studio Version 17
VisualStudioVersion = 17.3.32901.215
MinimumVisualStudioVersion = 10.0.40219.1
Project("{FAE04EC0-301F-11D3-BF4B-00C04F79EFBC}") = "Polman_DevFile08_Project", "Polman_DevFile08_Project.csproj", "{EDC86162-6629-46AD-BE58-FC7C3B4967A8}"
EndProject
Global
	GlobalSection(SolutionConfigurationPlatforms) = preSolution
		Debug|Any CPU = Debug|Any CPU
		Release|Any CPU = Release|Any CPU
	EndGlobalSection
	GlobalSection(ProjectConfigurationPlatforms) = postSolution
		{EDC86162-6629-46AD-BE58-FC7C3B4967A8}.Debug|Any CPU.ActiveCfg = Debug|Any CPU
		{EDC86162-6629-46AD-BE58-FC7C3B4967A8}.Debug|Any CPU.Build.0 = Debug|Any CPU
		{EDC86162-6629-46AD-BE58-FC7C3B4967A8}.Release|Any CPU.ActiveCfg = Release|Any CPU
		{EDC86162-6629-46AD-BE58-FC7C3B4967A8}.Release|Any CPU.Build.0 = Release|Any CPU
	EndGlobalSection
	GlobalSection(SolutionProperties) = preSolution
		HideSolutionNode = FALSE
	EndGlobalSection
	GlobalSection(ExtensibilityGlobals) = postSolution
		SolutionGuid = {C7A342E3-ED30-40DC-9FDC-6A9BF8203952}
	EndGlobalSection
EndGlobal
